
Microsoft Visual Studio Solution File, Format Version 12.00
# Visual Studio 2012
Project("{FAE04EC0-301F-11D3-BF4B-00C04F79EFBC}") = "CheckoutService", "CheckoutService.csproj", "{56CB7F18-FE79-4527-920B-5A40124F8767}"
EndProject
Global
	GlobalSection(SolutionConfigurationPlatforms) = preSolution
		Debug|Any CPU = Debug|Any CPU
		Release|Any CPU = Release|Any CPU
	EndGlobalSection
	GlobalSection(ProjectConfigurationPlatforms) = postSolution
		{56CB7F18-FE79-4527-920B-5A40124F8767}.Debug|Any CPU.ActiveCfg = Debug|Any CPU
		{56CB7F18-FE79-4527-920B-5A40124F8767}.Debug|Any CPU.Build.0 = Debug|Any CPU
		{56CB7F18-FE79-4527-920B-5A40124F8767}.Release|Any CPU.ActiveCfg = Release|Any CPU
		{56CB7F18-FE79-4527-920B-5A40124F8767}.Release|Any CPU.Build.0 = Release|Any CPU
	EndGlobalSection
	GlobalSection(SolutionProperties) = preSolution
		HideSolutionNode = FALSE
	EndGlobalSection
EndGlobal
